# This file was autogenerated by Stack.
# You should not edit this file by hand.
# For more information, please see the documentation at:
#   https://docs.haskellstack.org/en/stable/lock_files

packages:
- completed:
    hackage: monomer-1.5.1.0@sha256:18e3ce60c7f5d3fae74bf5ace7515f0e252b12ccc4b71030f948e6fdc1f49a99,16741
    pantry-tree:
      size: 14513
      sha256: 3dde2b635d1298c3b734c0b28bae8fa4956bc2ad9ef89f81bbb04ec1eeb09d0c
  original:
    hackage: monomer-1.5.1.0
snapshots:
- completed:
    size: 649342
    url: https://raw.githubusercontent.com/commercialhaskell/stackage-snapshots/master/lts/20/11.yaml
    sha256: adbc602422dde10cc330175da7de8609e70afc41449a7e2d6e8b1827aa0e5008
  original: lts-20.11
